
Microsoft Visual Studio Solution File, Format Version 12.00
# Visual Studio Version 16
VisualStudioVersion = 16.0.31321.278
MinimumVisualStudioVersion = 10.0.40219.1
Project("{FAE04EC0-301F-11D3-BF4B-00C04F79EFBC}") = "ConsoleApp1", "ConsoleApp1\ConsoleApp1.csproj", "{2E807BF5-D939-44B5-948A-2D05D23896F2}"
EndProject
Global
	GlobalSection(SolutionConfigurationPlatforms) = preSolution
		Debug|Any CPU = Debug|Any CPU
		Release|Any CPU = Release|Any CPU
	EndGlobalSection
	GlobalSection(ProjectConfigurationPlatforms) = postSolution
		{2E807BF5-D939-44B5-948A-2D05D23896F2}.Debug|Any CPU.ActiveCfg = Debug|Any CPU
		{2E807BF5-D939-44B5-948A-2D05D23896F2}.Debug|Any CPU.Build.0 = Debug|Any CPU
		{2E807BF5-D939-44B5-948A-2D05D23896F2}.Release|Any CPU.ActiveCfg = Release|Any CPU
		{2E807BF5-D939-44B5-948A-2D05D23896F2}.Release|Any CPU.Build.0 = Release|Any CPU
	EndGlobalSection
	GlobalSection(SolutionProperties) = preSolution
		HideSolutionNode = FALSE
	EndGlobalSection
	GlobalSection(ExtensibilityGlobals) = postSolution
		SolutionGuid = {67ADF43C-AFF3-4E8A-8E1F-F442E0F028F6}
	EndGlobalSection
EndGlobal
