
Microsoft Visual Studio Solution File, Format Version 12.00
# Visual Studio Version 16
VisualStudioVersion = 16.0.31729.503
MinimumVisualStudioVersion = 10.0.40219.1
Project("{FAE04EC0-301F-11D3-BF4B-00C04F79EFBC}") = "PhoneShop", "PhoneShop\PhoneShop.csproj", "{C384E55D-6C05-4A3C-98A7-5C7CC439AF70}"
EndProject
Global
	GlobalSection(SolutionConfigurationPlatforms) = preSolution
		Debug|Any CPU = Debug|Any CPU
		Release|Any CPU = Release|Any CPU
	EndGlobalSection
	GlobalSection(ProjectConfigurationPlatforms) = postSolution
		{C384E55D-6C05-4A3C-98A7-5C7CC439AF70}.Debug|Any CPU.ActiveCfg = Debug|Any CPU
		{C384E55D-6C05-4A3C-98A7-5C7CC439AF70}.Debug|Any CPU.Build.0 = Debug|Any CPU
		{C384E55D-6C05-4A3C-98A7-5C7CC439AF70}.Release|Any CPU.ActiveCfg = Release|Any CPU
		{C384E55D-6C05-4A3C-98A7-5C7CC439AF70}.Release|Any CPU.Build.0 = Release|Any CPU
	EndGlobalSection
	GlobalSection(SolutionProperties) = preSolution
		HideSolutionNode = FALSE
	EndGlobalSection
	GlobalSection(ExtensibilityGlobals) = postSolution
		SolutionGuid = {CB3DD421-7352-4BD0-8008-41516608F0B4}
	EndGlobalSection
EndGlobal
