
Microsoft Visual Studio Solution File, Format Version 12.00
# Visual Studio Version 16
VisualStudioVersion = 16.0.31729.503
MinimumVisualStudioVersion = 10.0.40219.1
Project("{FAE04EC0-301F-11D3-BF4B-00C04F79EFBC}") = "SpaceTravel", "SpaceTravel\SpaceTravel.csproj", "{5B349823-46B8-47A5-BC02-6CAB2774F326}"
EndProject
Global
	GlobalSection(SolutionConfigurationPlatforms) = preSolution
		Debug|Any CPU = Debug|Any CPU
		Release|Any CPU = Release|Any CPU
	EndGlobalSection
	GlobalSection(ProjectConfigurationPlatforms) = postSolution
		{5B349823-46B8-47A5-BC02-6CAB2774F326}.Debug|Any CPU.ActiveCfg = Debug|Any CPU
		{5B349823-46B8-47A5-BC02-6CAB2774F326}.Debug|Any CPU.Build.0 = Debug|Any CPU
		{5B349823-46B8-47A5-BC02-6CAB2774F326}.Release|Any CPU.ActiveCfg = Release|Any CPU
		{5B349823-46B8-47A5-BC02-6CAB2774F326}.Release|Any CPU.Build.0 = Release|Any CPU
	EndGlobalSection
	GlobalSection(SolutionProperties) = preSolution
		HideSolutionNode = FALSE
	EndGlobalSection
	GlobalSection(ExtensibilityGlobals) = postSolution
		SolutionGuid = {517986E1-6A3C-499C-82FA-FDA7C69EF13C}
	EndGlobalSection
EndGlobal
